
Microsoft Visual Studio Solution File, Format Version 12.00
# Visual Studio Version 17
VisualStudioVersion = 17.7.34031.279
MinimumVisualStudioVersion = 10.0.40219.1
Project("{8BC9CEB8-8B4A-11D0-8D11-00A0C91BC942}") = "Server", "Server\Server.vcxproj", "{5341A402-1F0B-471B-B828-64A4F96CBBCD}"
EndProject
Project("{8BC9CEB8-8B4A-11D0-8D11-00A0C91BC942}") = "Client", "Client\Client.vcxproj", "{7D5BE21C-1D9D-47D9-8932-9CBCEF7FAE91}"
EndProject
Global
	GlobalSection(SolutionConfigurationPlatforms) = preSolution
		Debug|x64 = Debug|x64
		Debug|x86 = Debug|x86
		Release|x64 = Release|x64
		Release|x86 = Release|x86
	EndGlobalSection
	GlobalSection(ProjectConfigurationPlatforms) = postSolution
		{5341A402-1F0B-471B-B828-64A4F96CBBCD}.Debug|x64.ActiveCfg = Debug|x64
		{5341A402-1F0B-471B-B828-64A4F96CBBCD}.Debug|x64.Build.0 = Debug|x64
		{5341A402-1F0B-471B-B828-64A4F96CBBCD}.Debug|x86.ActiveCfg = Debug|Win32
		{5341A402-1F0B-471B-B828-64A4F96CBBCD}.Debug|x86.Build.0 = Debug|Win32
		{5341A402-1F0B-471B-B828-64A4F96CBBCD}.Release|x64.ActiveCfg = Release|x64
		{5341A402-1F0B-471B-B828-64A4F96CBBCD}.Release|x64.Build.0 = Release|x64
		{5341A402-1F0B-471B-B828-64A4F96CBBCD}.Release|x86.ActiveCfg = Release|Win32
		{5341A402-1F0B-471B-B828-64A4F96CBBCD}.Release|x86.Build.0 = Release|Win32
		{7D5BE21C-1D9D-47D9-8932-9CBCEF7FAE91}.Debug|x64.ActiveCfg = Debug|x64
		{7D5BE21C-1D9D-47D9-8932-9CBCEF7FAE91}.Debug|x64.Build.0 = Debug|x64
		{7D5BE21C-1D9D-47D9-8932-9CBCEF7FAE91}.Debug|x86.ActiveCfg = Debug|Win32
		{7D5BE21C-1D9D-47D9-8932-9CBCEF7FAE91}.Debug|x86.Build.0 = Debug|Win32
		{7D5BE21C-1D9D-47D9-8932-9CBCEF7FAE91}.Release|x64.ActiveCfg = Release|x64
		{7D5BE21C-1D9D-47D9-8932-9CBCEF7FAE91}.Release|x64.Build.0 = Release|x64
		{7D5BE21C-1D9D-47D9-8932-9CBCEF7FAE91}.Release|x86.ActiveCfg = Release|Win32
		{7D5BE21C-1D9D-47D9-8932-9CBCEF7FAE91}.Release|x86.Build.0 = Release|Win32
	EndGlobalSection
	GlobalSection(SolutionProperties) = preSolution
		HideSolutionNode = FALSE
	EndGlobalSection
	GlobalSection(ExtensibilityGlobals) = postSolution
		SolutionGuid = {18895638-8823-4007-A723-D9A658A5F6A2}
	EndGlobalSection
EndGlobal
